{
  "originHash" : "529065aea23e8b81ed7a36886c3c43e4877a50aa2301fde5a737b2313ea06507",
  "pins" : [
    {
      "identity" : "lynx-xcframework",
      "kind" : "remoteSourceControl",
      "location" : "https://github.com/xenonClient/Lynx-XCFramework",
      "state" : {
        "revision" : "300a379b6d15e2f4e0fdec0c41d83431d67bf345",
        "version" : "4.0.0"
      }
    }
  ],
  "version" : 3
}
